
Microsoft Visual Studio Solution File, Format Version 12.00
# Visual Studio Version 16
VisualStudioVersion = 16.0.31829.152
MinimumVisualStudioVersion = 10.0.40219.1
Project("{FAE04EC0-301F-11D3-BF4B-00C04F79EFBC}") = "WpfControlLibrary1", "WpfControlLibrary1.csproj", "{E797DE28-A52A-4D28-9306-F77CD45DAE7C}"
EndProject
Global
	GlobalSection(SolutionConfigurationPlatforms) = preSolution
		Debug|Any CPU = Debug|Any CPU
		Release|Any CPU = Release|Any CPU
	EndGlobalSection
	GlobalSection(ProjectConfigurationPlatforms) = postSolution
		{E797DE28-A52A-4D28-9306-F77CD45DAE7C}.Debug|Any CPU.ActiveCfg = Debug|Any CPU
		{E797DE28-A52A-4D28-9306-F77CD45DAE7C}.Debug|Any CPU.Build.0 = Debug|Any CPU
		{E797DE28-A52A-4D28-9306-F77CD45DAE7C}.Release|Any CPU.ActiveCfg = Release|Any CPU
		{E797DE28-A52A-4D28-9306-F77CD45DAE7C}.Release|Any CPU.Build.0 = Release|Any CPU
	EndGlobalSection
	GlobalSection(SolutionProperties) = preSolution
		HideSolutionNode = FALSE
	EndGlobalSection
	GlobalSection(ExtensibilityGlobals) = postSolution
		SolutionGuid = {85C47E47-0930-4D78-856B-653D7D0C6B07}
	EndGlobalSection
EndGlobal
